
Microsoft Visual Studio Solution File, Format Version 12.00
# Visual Studio Version 16
VisualStudioVersion = 16.0.31613.86
MinimumVisualStudioVersion = 10.0.40219.1
Project("{FAE04EC0-301F-11D3-BF4B-00C04F79EFBC}") = "sell_TPK", "sell_TPK.csproj", "{206E888A-9BFF-497F-9F48-88CEEA7DA2FD}"
EndProject
Global
	GlobalSection(SolutionConfigurationPlatforms) = preSolution
		Debug|Any CPU = Debug|Any CPU
		Release|Any CPU = Release|Any CPU
	EndGlobalSection
	GlobalSection(ProjectConfigurationPlatforms) = postSolution
		{206E888A-9BFF-497F-9F48-88CEEA7DA2FD}.Debug|Any CPU.ActiveCfg = Debug|Any CPU
		{206E888A-9BFF-497F-9F48-88CEEA7DA2FD}.Debug|Any CPU.Build.0 = Debug|Any CPU
		{206E888A-9BFF-497F-9F48-88CEEA7DA2FD}.Release|Any CPU.ActiveCfg = Release|Any CPU
		{206E888A-9BFF-497F-9F48-88CEEA7DA2FD}.Release|Any CPU.Build.0 = Release|Any CPU
	EndGlobalSection
	GlobalSection(SolutionProperties) = preSolution
		HideSolutionNode = FALSE
	EndGlobalSection
	GlobalSection(ExtensibilityGlobals) = postSolution
		SolutionGuid = {9C841F72-FF6D-443B-A50B-029F5BFD1DC9}
	EndGlobalSection
EndGlobal
